// !$*UTF8*$!
{
	archiveVersion = 1;
	classes = {
	};
	objectVersion = 48;
	objects = {

/* Begin PBXBuildFile section */
		03249C261FBCF00C0098F4D7 /* DetailViewController.swift in Sources */ = {isa = PBXBuildFile; fileRef = 03249C251FBCF00C0098F4D7 /* DetailViewController.swift */; };
		036F51001FB64543004C9242 /* AppDelegate.swift in Sources */ = {isa = PBXBuildFile; fileRef = 036F50FF1FB64543004C9242 /* AppDelegate.swift */; };
		036F51021FB64543004C9242 /* RootViewController.swift in Sources */ = {isa = PBXBuildFile; fileRef = 036F51011FB64543004C9242 /* RootViewController.swift */; };
		036F51051FB64543004C9242 /* Main.storyboard in Resources */ = {isa = PBXBuildFile; fileRef = 036F51031FB64543004C9242 /* Main.storyboard */; };
		036F51081FB64543004C9242 /* BridgitChallenge.xcdatamodeld in Sources */ = {isa = PBXBuildFile; fileRef = 036F51061FB64543004C9242 /* BridgitChallenge.xcdatamodeld */; };
		036F510A1FB64543004C9242 /* Assets.xcassets in Resources */ = {isa = PBXBuildFile; fileRef = 036F51091FB64543004C9242 /* Assets.xcassets */; };
		036F510D1FB64543004C9242 /* LaunchScreen.storyboard in Resources */ = {isa = PBXBuildFile; fileRef = 036F510B1FB64543004C9242 /* LaunchScreen.storyboard */; };
		036F51181FB64543004C9242 /* BridgitChallengeTests.swift in Sources */ = {isa = PBXBuildFile; fileRef = 036F51171FB64543004C9242 /* BridgitChallengeTests.swift */; };
		036F51231FB64543004C9242 /* BridgitChallengeUITests.swift in Sources */ = {isa = PBXBuildFile; fileRef = 036F51221FB64543004C9242 /* BridgitChallengeUITests.swift */; };
		036F51311FB9E3FC004C9242 /* MenuViewController.swift in Sources */ = {isa = PBXBuildFile; fileRef = 036F51301FB9E3FC004C9242 /* MenuViewController.swift */; };
		036F51331FB9E445004C9242 /* MenuTableViewCell.swift in Sources */ = {isa = PBXBuildFile; fileRef = 036F51321FB9E445004C9242 /* MenuTableViewCell.swift */; };
		036FDF7E1FBB7EF0004F2FA2 /* DatabaseHelper.swift in Sources */ = {isa = PBXBuildFile; fileRef = 036FDF7D1FBB7EF0004F2FA2 /* DatabaseHelper.swift */; };
		036FDF8D1FBB8415004F2FA2 /* ParsedObject+CoreDataClass.swift in Sources */ = {isa = PBXBuildFile; fileRef = 036FDF8B1FBB8415004F2FA2 /* ParsedObject+CoreDataClass.swift */; };
		036FDF8E1FBB8415004F2FA2 /* ParsedObject+CoreDataProperties.swift in Sources */ = {isa = PBXBuildFile; fileRef = 036FDF8C1FBB8415004F2FA2 /* ParsedObject+CoreDataProperties.swift */; };
		03C01D6A1FBA27830083ACEA /* HomeTableViewCell.swift in Sources */ = {isa = PBXBuildFile; fileRef = 03C01D691FBA27830083ACEA /* HomeTableViewCell.swift */; };
		03C01D6E1FBA35F50083ACEA /* HomeViewController.swift in Sources */ = {isa = PBXBuildFile; fileRef = 03C01D6D1FBA35F50083ACEA /* HomeViewController.swift */; };
		03C01D711FBA362F0083ACEA /* StarredViewController.swift in Sources */ = {isa = PBXBuildFile; fileRef = 03C01D701FBA362F0083ACEA /* StarredViewController.swift */; };
		03D1E3C01FBC94DC000A2DEB /* NetWorkManager.swift in Sources */ = {isa = PBXBuildFile; fileRef = 03D1E3BF1FBC94DC000A2DEB /* NetWorkManager.swift */; };
		528FBD9BDE20853CC7C78CED /* Pods_BridgitChallengeTests.framework in Frameworks */ = {isa = PBXBuildFile; fileRef = 1C23FCCE93E29C24E61F009B /* Pods_BridgitChallengeTests.framework */; };
		538C986F9F360C192F6F82AC /* Pods_BridgitChallenge.framework in Frameworks */ = {isa = PBXBuildFile; fileRef = 6E2FAB9183A9B4F8F0027EF9 /* Pods_BridgitChallenge.framework */; };
		66B03E479FCB2C65291A1CD8 /* ParsedObjectHelper.swift in Sources */ = {isa = PBXBuildFile; fileRef = 66B03F576A5F26060B19EA41 /* ParsedObjectHelper.swift */; };
		D8D5187B26A31DAAC8B03C3C /* Pods_BridgitChallengeUITests.framework in Frameworks */ = {isa = PBXBuildFile; fileRef = 9DFE6D54DA4129DA65820BF2 /* Pods_BridgitChallengeUITests.framework */; };
/* End PBXBuildFile section */

/* Begin PBXContainerItemProxy section */
		036F51141FB64543004C9242 /* PBXContainerItemProxy */ = {
			isa = PBXContainerItemProxy;
			containerPortal = 036F50F41FB64543004C9242 /* Project object */;
			proxyType = 1;
			remoteGlobalIDString = 036F50FB1FB64543004C9242;
			remoteInfo = BridgitChallenge;
		};
		036F511F1FB64543004C9242 /* PBXContainerItemProxy */ = {
			isa = PBXContainerItemProxy;
			containerPortal = 036F50F41FB64543004C9242 /* Project object */;
			proxyType = 1;
			remoteGlobalIDString = 036F50FB1FB64543004C9242;
			remoteInfo = BridgitChallenge;
		};
/* End PBXContainerItemProxy section */

/* Begin PBXFileReference section */
		03249C251FBCF00C0098F4D7 /* DetailViewController.swift */ = {isa = PBXFileReference; lastKnownFileType = sourcecode.swift; path = DetailViewController.swift; sourceTree = "<group>"; };
		036F50FC1FB64543004C9242 /* BridgitChallenge.app */ = {isa = PBXFileReference; explicitFileType = wrapper.application; includeInIndex = 0; path = BridgitChallenge.app; sourceTree = BUILT_PRODUCTS_DIR; };
		036F50FF1FB64543004C9242 /* AppDelegate.swift */ = {isa = PBXFileReference; lastKnownFileType = sourcecode.swift; path = AppDelegate.swift; sourceTree = "<group>"; };
		036F51011FB64543004C9242 /* RootViewController.swift */ = {isa = PBXFileReference; lastKnownFileType = sourcecode.swift; path = RootViewController.swift; sourceTree = "<group>"; };
		036F51041FB64543004C9242 /* Base */ = {isa = PBXFileReference; lastKnownFileType = file.storyboard; name = Base; path = Base.lproj/Main.storyboard; sourceTree = "<group>"; };
		036F51071FB64543004C9242 /* BridgitChallenge.xcdatamodel */ = {isa = PBXFileReference; lastKnownFileType = wrapper.xcdatamodel; path = BridgitChallenge.xcdatamodel; sourceTree = "<group>"; };
		036F51091FB64543004C9242 /* Assets.xcassets */ = {isa = PBXFileReference; lastKnownFileType = folder.assetcatalog; path = Assets.xcassets; sourceTree = "<group>"; };
		036F510C1FB64543004C9242 /* Base */ = {isa = PBXFileReference; lastKnownFileType = file.storyboard; name = Base; path = Base.lproj/LaunchScreen.storyboard; sourceTree = "<group>"; };
		036F510E1FB64543004C9242 /* Info.plist */ = {isa = PBXFileReference; lastKnownFileType = text.plist.xml; path = Info.plist; sourceTree = "<group>"; };
		036F51131FB64543004C9242 /* BridgitChallengeTests.xctest */ = {isa = PBXFileReference; explicitFileType = wrapper.cfbundle; includeInIndex = 0; path = BridgitChallengeTests.xctest; sourceTree = BUILT_PRODUCTS_DIR; };
		036F51171FB64543004C9242 /* BridgitChallengeTests.swift */ = {isa = PBXFileReference; lastKnownFileType = sourcecode.swift; path = BridgitChallengeTests.swift; sourceTree = "<group>"; };
		036F51191FB64543004C9242 /* Info.plist */ = {isa = PBXFileReference; lastKnownFileType = text.plist.xml; path = Info.plist; sourceTree = "<group>"; };
		036F511E1FB64543004C9242 /* BridgitChallengeUITests.xctest */ = {isa = PBXFileReference; explicitFileType = wrapper.cfbundle; includeInIndex = 0; path = BridgitChallengeUITests.xctest; sourceTree = BUILT_PRODUCTS_DIR; };
		036F51221FB64543004C9242 /* BridgitChallengeUITests.swift */ = {isa = PBXFileReference; lastKnownFileType = sourcecode.swift; path = BridgitChallengeUITests.swift; sourceTree = "<group>"; };
		036F51241FB64543004C9242 /* Info.plist */ = {isa = PBXFileReference; lastKnownFileType = text.plist.xml; path = Info.plist; sourceTree = "<group>"; };
		036F51301FB9E3FC004C9242 /* MenuViewController.swift */ = {isa = PBXFileReference; lastKnownFileType = sourcecode.swift; path = MenuViewController.swift; sourceTree = "<group>"; };
		036F51321FB9E445004C9242 /* MenuTableViewCell.swift */ = {isa = PBXFileReference; lastKnownFileType = sourcecode.swift; path = MenuTableViewCell.swift; sourceTree = "<group>"; };
		036FDF7D1FBB7EF0004F2FA2 /* DatabaseHelper.swift */ = {isa = PBXFileReference; lastKnownFileType = sourcecode.swift; path = DatabaseHelper.swift; sourceTree = "<group>"; };
		036FDF8B1FBB8415004F2FA2 /* ParsedObject+CoreDataClass.swift */ = {isa = PBXFileReference; lastKnownFileType = sourcecode.swift; path = "ParsedObject+CoreDataClass.swift"; sourceTree = "<group>"; };
		036FDF8C1FBB8415004F2FA2 /* ParsedObject+CoreDataProperties.swift */ = {isa = PBXFileReference; lastKnownFileType = sourcecode.swift; path = "ParsedObject+CoreDataProperties.swift"; sourceTree = "<group>"; };
		03C01D691FBA27830083ACEA /* HomeTableViewCell.swift */ = {isa = PBXFileReference; lastKnownFileType = sourcecode.swift; path = HomeTableViewCell.swift; sourceTree = "<group>"; };
		03C01D6D1FBA35F50083ACEA /* HomeViewController.swift */ = {isa = PBXFileReference; lastKnownFileType = sourcecode.swift; path = HomeViewController.swift; sourceTree = "<group>"; };
		03C01D701FBA362F0083ACEA /* StarredViewController.swift */ = {isa = PBXFileReference; lastKnownFileType = sourcecode.swift; path = StarredViewController.swift; sourceTree = "<group>"; };
		03D1E3BF1FBC94DC000A2DEB /* NetWorkManager.swift */ = {isa = PBXFileReference; lastKnownFileType = sourcecode.swift; path = NetWorkManager.swift; sourceTree = "<group>"; };
		1C23FCCE93E29C24E61F009B /* Pods_BridgitChallengeTests.framework */ = {isa = PBXFileReference; explicitFileType = wrapper.framework; includeInIndex = 0; path = Pods_BridgitChallengeTests.framework; sourceTree = BUILT_PRODUCTS_DIR; };
		573ED4DEFB715AFC7D51A3FD /* Pods-BridgitChallengeTests.debug.xcconfig */ = {isa = PBXFileReference; includeInIndex = 1; lastKnownFileType = text.xcconfig; name = "Pods-BridgitChallengeTests.debug.xcconfig"; path = "Pods/Target Support Files/Pods-BridgitChallengeTests/Pods-BridgitChallengeTests.debug.xcconfig"; sourceTree = "<group>"; };
		66B03F576A5F26060B19EA41 /* ParsedObjectHelper.swift */ = {isa = PBXFileReference; fileEncoding = 4; lastKnownFileType = sourcecode.swift; path = ParsedObjectHelper.swift; sourceTree = "<group>"; };
		692E4105719F7C95C4AA26EC /* Pods-BridgitChallengeUITests.release.xcconfig */ = {isa = PBXFileReference; includeInIndex = 1; lastKnownFileType = text.xcconfig; name = "Pods-BridgitChallengeUITests.release.xcconfig"; path = "Pods/Target Support Files/Pods-BridgitChallengeUITests/Pods-BridgitChallengeUITests.release.xcconfig"; sourceTree = "<group>"; };
		6E2FAB9183A9B4F8F0027EF9 /* Pods_BridgitChallenge.framework */ = {isa = PBXFileReference; explicitFileType = wrapper.framework; includeInIndex = 0; path = Pods_BridgitChallenge.framework; sourceTree = BUILT_PRODUCTS_DIR; };
		7554D332F5CCBEB8E4DD0631 /* Pods-BridgitChallengeUITests.debug.xcconfig */ = {isa = PBXFileReference; includeInIndex = 1; lastKnownFileType = text.xcconfig; name = "Pods-BridgitChallengeUITests.debug.xcconfig"; path = "Pods/Target Support Files/Pods-BridgitChallengeUITests/Pods-BridgitChallengeUITests.debug.xcconfig"; sourceTree = "<group>"; };
		77C60B529EA53D1A1102BEBD /* Pods-BridgitChallengeTests.release.xcconfig */ = {isa = PBXFileReference; includeInIndex = 1; lastKnownFileType = text.xcconfig; name = "Pods-BridgitChallengeTests.release.xcconfig"; path = "Pods/Target Support Files/Pods-BridgitChallengeTests/Pods-BridgitChallengeTests.release.xcconfig"; sourceTree = "<group>"; };
		939B6985209B3B0BA7DB382B /* Pods-BridgitChallenge.release.xcconfig */ = {isa = PBXFileReference; includeInIndex = 1; lastKnownFileType = text.xcconfig; name = "Pods-BridgitChallenge.release.xcconfig"; path = "Pods/Target Support Files/Pods-BridgitChallenge/Pods-BridgitChallenge.release.xcconfig"; sourceTree = "<group>"; };
		9DFE6D54DA4129DA65820BF2 /* Pods_BridgitChallengeUITests.framework */ = {isa = PBXFileReference; explicitFileType = wrapper.framework; includeInIndex = 0; path = Pods_BridgitChallengeUITests.framework; sourceTree = BUILT_PRODUCTS_DIR; };
		F783BA70951D727BA7EB5DF2 /* Pods-BridgitChallenge.debug.xcconfig */ = {isa = PBXFileReference; includeInIndex = 1; lastKnownFileType = text.xcconfig; name = "Pods-BridgitChallenge.debug.xcconfig"; path = "Pods/Target Support Files/Pods-BridgitChallenge/Pods-BridgitChallenge.debug.xcconfig"; sourceTree = "<group>"; };
/* End PBXFileReference section */

/* Begin PBXFrameworksBuildPhase section */
		036F50F91FB64543004C9242 /* Frameworks */ = {
			isa = PBXFrameworksBuildPhase;
			buildActionMask = 2147483647;
			files = (
				538C986F9F360C192F6F82AC /* Pods_BridgitChallenge.framework in Frameworks */,
			);
			runOnlyForDeploymentPostprocessing = 0;
		};
		036F51101FB64543004C9242 /* Frameworks */ = {
			isa = PBXFrameworksBuildPhase;
			buildActionMask = 2147483647;
			files = (
				528FBD9BDE20853CC7C78CED /* Pods_BridgitChallengeTests.framework in Frameworks */,
			);
			runOnlyForDeploymentPostprocessing = 0;
		};
		036F511B1FB64543004C9242 /* Frameworks */ = {
			isa = PBXFrameworksBuildPhase;
			buildActionMask = 2147483647;
			files = (
				D8D5187B26A31DAAC8B03C3C /* Pods_BridgitChallengeUITests.framework in Frameworks */,
			);
			runOnlyForDeploymentPostprocessing = 0;
		};
/* End PBXFrameworksBuildPhase section */

/* Begin PBXGroup section */
		036F50F31FB64543004C9242 = {
			isa = PBXGroup;
			children = (
				036F50FE1FB64543004C9242 /* BridgitChallenge */,
				036F51161FB64543004C9242 /* BridgitChallengeTests */,
				036F51211FB64543004C9242 /* BridgitChallengeUITests */,
				036F50FD1FB64543004C9242 /* Products */,
				2DE90BECDC07897E6780C691 /* Pods */,
				DB8D6BE7CFBB31547102DF3F /* Frameworks */,
			);
			sourceTree = "<group>";
		};
		036F50FD1FB64543004C9242 /* Products */ = {
			isa = PBXGroup;
			children = (
				036F50FC1FB64543004C9242 /* BridgitChallenge.app */,
				036F51131FB64543004C9242 /* BridgitChallengeTests.xctest */,
				036F511E1FB64543004C9242 /* BridgitChallengeUITests.xctest */,
			);
			name = Products;
			sourceTree = "<group>";
		};
		036F50FE1FB64543004C9242 /* BridgitChallenge */ = {
			isa = PBXGroup;
			children = (
				036FDF7C1FBB7EDA004F2FA2 /* Helper */,
				03B3E35D1FBB47F000A21606 /* Model */,
				03C01D6F1FBA36030083ACEA /* ViewController */,
				03C01D681FBA1E4E0083ACEA /* Network */,
				03C01D671FBA1E090083ACEA /* Database */,
				03C01D661FBA1DF30083ACEA /* Cell */,
				036F50FF1FB64543004C9242 /* AppDelegate.swift */,
				036F51011FB64543004C9242 /* RootViewController.swift */,
				036F51031FB64543004C9242 /* Main.storyboard */,
				036F51301FB9E3FC004C9242 /* MenuViewController.swift */,
				036F51091FB64543004C9242 /* Assets.xcassets */,
				036F510B1FB64543004C9242 /* LaunchScreen.storyboard */,
				036F510E1FB64543004C9242 /* Info.plist */,
				036F51061FB64543004C9242 /* BridgitChallenge.xcdatamodeld */,
			);
			path = BridgitChallenge;
			sourceTree = "<group>";
		};
		036F51161FB64543004C9242 /* BridgitChallengeTests */ = {
			isa = PBXGroup;
			children = (
				036F51171FB64543004C9242 /* BridgitChallengeTests.swift */,
				036F51191FB64543004C9242 /* Info.plist */,
			);
			path = BridgitChallengeTests;
			sourceTree = "<group>";
		};
		036F51211FB64543004C9242 /* BridgitChallengeUITests */ = {
			isa = PBXGroup;
			children = (
				036F51221FB64543004C9242 /* BridgitChallengeUITests.swift */,
				036F51241FB64543004C9242 /* Info.plist */,
			);
			path = BridgitChallengeUITests;
			sourceTree = "<group>";
		};
		036FDF7C1FBB7EDA004F2FA2 /* Helper */ = {
			isa = PBXGroup;
			children = (
				036FDF7D1FBB7EF0004F2FA2 /* DatabaseHelper.swift */,
				66B03F576A5F26060B19EA41 /* ParsedObjectHelper.swift */,
			);
			path = Helper;
			sourceTree = "<group>";
		};
		03B3E35D1FBB47F000A21606 /* Model */ = {
			isa = PBXGroup;
			children = (
				036FDF8B1FBB8415004F2FA2 /* ParsedObject+CoreDataClass.swift */,
				036FDF8C1FBB8415004F2FA2 /* ParsedObject+CoreDataProperties.swift */,
			);
			path = Model;
			sourceTree = "<group>";
		};
		03C01D661FBA1DF30083ACEA /* Cell */ = {
			isa = PBXGroup;
			children = (
				036F51321FB9E445004C9242 /* MenuTableViewCell.swift */,
				03C01D691FBA27830083ACEA /* HomeTableViewCell.swift */,
			);
			path = Cell;
			sourceTree = "<group>";
		};
		03C01D671FBA1E090083ACEA /* Database */ = {
			isa = PBXGroup;
			children = (
			);
			path = Database;
			sourceTree = "<group>";
		};
		03C01D681FBA1E4E0083ACEA /* Network */ = {
			isa = PBXGroup;
			children = (
				03D1E3BF1FBC94DC000A2DEB /* NetWorkManager.swift */,
			);
			path = Network;
			sourceTree = "<group>";
		};
		03C01D6F1FBA36030083ACEA /* ViewController */ = {
			isa = PBXGroup;
			children = (
				03C01D6D1FBA35F50083ACEA /* HomeViewController.swift */,
				03C01D701FBA362F0083ACEA /* StarredViewController.swift */,
				03249C251FBCF00C0098F4D7 /* DetailViewController.swift */,
			);
			path = ViewController;
			sourceTree = "<group>";
		};
		2DE90BECDC07897E6780C691 /* Pods */ = {
			isa = PBXGroup;
			children = (
				F783BA70951D727BA7EB5DF2 /* Pods-BridgitChallenge.debug.xcconfig */,
				939B6985209B3B0BA7DB382B /* Pods-BridgitChallenge.release.xcconfig */,
				573ED4DEFB715AFC7D51A3FD /* Pods-BridgitChallengeTests.debug.xcconfig */,
				77C60B529EA53D1A1102BEBD /* Pods-BridgitChallengeTests.release.xcconfig */,
				7554D332F5CCBEB8E4DD0631 /* Pods-BridgitChallengeUITests.debug.xcconfig */,
				692E4105719F7C95C4AA26EC /* Pods-BridgitChallengeUITests.release.xcconfig */,
			);
			name = Pods;
			sourceTree = "<group>";
		};
		DB8D6BE7CFBB31547102DF3F /* Frameworks */ = {
			isa = PBXGroup;
			children = (
				6E2FAB9183A9B4F8F0027EF9 /* Pods_BridgitChallenge.framework */,
				1C23FCCE93E29C24E61F009B /* Pods_BridgitChallengeTests.framework */,
				9DFE6D54DA4129DA65820BF2 /* Pods_BridgitChallengeUITests.framework */,
			);
			name = Frameworks;
			sourceTree = "<group>";
		};
/* End PBXGroup section */

/* Begin PBXNativeTarget section */
		036F50FB1FB64543004C9242 /* BridgitChallenge */ = {
			isa = PBXNativeTarget;
			buildConfigurationList = 036F51271FB64543004C9242 /* Build configuration list for PBXNativeTarget "BridgitChallenge" */;
			buildPhases = (
				17563E16362ECBD4F7B8544C /* [CP] Check Pods Manifest.lock */,
				036F50F81FB64543004C9242 /* Sources */,
				036F50F91FB64543004C9242 /* Frameworks */,
				036F50FA1FB64543004C9242 /* Resources */,
				92FF0CE8BF930A130E958306 /* [CP] Embed Pods Frameworks */,
				94D5070D483A0EBC96B8DB4A /* [CP] Copy Pods Resources */,
			);
			buildRules = (
			);
			dependencies = (
			);
			name = BridgitChallenge;
			productName = BridgitChallenge;
			productReference = 036F50FC1FB64543004C9242 /* BridgitChallenge.app */;
			productType = "com.apple.product-type.application";
		};
		036F51121FB64543004C9242 /* BridgitChallengeTests */ = {
			isa = PBXNativeTarget;
			buildConfigurationList = 036F512A1FB64543004C9242 /* Build configuration list for PBXNativeTarget "BridgitChallengeTests" */;
			buildPhases = (
				467DC133A02E19EB5383B891 /* [CP] Check Pods Manifest.lock */,
				036F510F1FB64543004C9242 /* Sources */,
				036F51101FB64543004C9242 /* Frameworks */,
				036F51111FB64543004C9242 /* Resources */,
				FCE7D3443A778003A6D9C01D /* [CP] Embed Pods Frameworks */,
				AA86E8ADB8408AEFDA3F3939 /* [CP] Copy Pods Resources */,
			);
			buildRules = (
			);
			dependencies = (
				036F51151FB64543004C9242 /* PBXTargetDependency */,
			);
			name = BridgitChallengeTests;
			productName = BridgitChallengeTests;
			productReference = 036F51131FB64543004C9242 /* BridgitChallengeTests.xctest */;
			productType = "com.apple.product-type.bundle.unit-test";
		};
		036F511D1FB64543004C9242 /* BridgitChallengeUITests */ = {
			isa = PBXNativeTarget;
			buildConfigurationList = 036F512D1FB64543004C9242 /* Build configuration list for PBXNativeTarget "BridgitChallengeUITests" */;
			buildPhases = (
				F2E1931FEAEAAAEE3057C44A /* [CP] Check Pods Manifest.lock */,
				036F511A1FB64543004C9242 /* Sources */,
				036F511B1FB64543004C9242 /* Frameworks */,
				036F511C1FB64543004C9242 /* Resources */,
				9432FEADA3DB09F59CFB7FBC /* [CP] Embed Pods Frameworks */,
				94C623DBDCAF1DD1A76D9DF9 /* [CP] Copy Pods Resources */,
			);
			buildRules = (
			);
			dependencies = (
				036F51201FB64543004C9242 /* PBXTargetDependency */,
			);
			name = BridgitChallengeUITests;
			productName = BridgitChallengeUITests;
			productReference = 036F511E1FB64543004C9242 /* BridgitChallengeUITests.xctest */;
			productType = "com.apple.product-type.bundle.ui-testing";
		};
/* End PBXNativeTarget section */

/* Begin PBXProject section */
		036F50F41FB64543004C9242 /* Project object */ = {
			isa = PBXProject;
			attributes = {
				LastSwiftUpdateCheck = 0910;
				LastUpgradeCheck = 0910;
				ORGANIZATIONNAME = "Nan Chen";
				TargetAttributes = {
					036F50FB1FB64543004C9242 = {
						CreatedOnToolsVersion = 9.1;
						ProvisioningStyle = Automatic;
					};
					036F51121FB64543004C9242 = {
						CreatedOnToolsVersion = 9.1;
						ProvisioningStyle = Automatic;
						TestTargetID = 036F50FB1FB64543004C9242;
					};
					036F511D1FB64543004C9242 = {
						CreatedOnToolsVersion = 9.1;
						ProvisioningStyle = Automatic;
						TestTargetID = 036F50FB1FB64543004C9242;
					};
				};
			};
			buildConfigurationList = 036F50F71FB64543004C9242 /* Build configuration list for PBXProject "BridgitChallenge" */;
			compatibilityVersion = "Xcode 8.0";
			developmentRegion = en;
			hasScannedForEncodings = 0;
			knownRegions = (
				en,
				Base,
			);
			mainGroup = 036F50F31FB64543004C9242;
			productRefGroup = 036F50FD1FB64543004C9242 /* Products */;
			projectDirPath = "";
			projectRoot = "";
			targets = (
				036F50FB1FB64543004C9242 /* BridgitChallenge */,
				036F51121FB64543004C9242 /* BridgitChallengeTests */,
				036F511D1FB64543004C9242 /* BridgitChallengeUITests */,
			);
		};
/* End PBXProject section */

/* Begin PBXResourcesBuildPhase section */
		036F50FA1FB64543004C9242 /* Resources */ = {
			isa = PBXResourcesBuildPhase;
			buildActionMask = 2147483647;
			files = (
				036F510D1FB64543004C9242 /* LaunchScreen.storyboard in Resources */,
				036F510A1FB64543004C9242 /* Assets.xcassets in Resources */,
				036F51051FB64543004C9242 /* Main.storyboard in Resources */,
			);
			runOnlyForDeploymentPostprocessing = 0;
		};
		036F51111FB64543004C9242 /* Resources */ = {
			isa = PBXResourcesBuildPhase;
			buildActionMask = 2147483647;
			files = (
			);
			runOnlyForDeploymentPostprocessing = 0;
		};
		036F511C1FB64543004C9242 /* Resources */ = {
			isa = PBXResourcesBuildPhase;
			buildActionMask = 2147483647;
			files = (
			);
			runOnlyForDeploymentPostprocessing = 0;
		};
/* End PBXResourcesBuildPhase section */

/* Begin PBXShellScriptBuildPhase section */
		17563E16362ECBD4F7B8544C /* [CP] Check Pods Manifest.lock */ = {
			isa = PBXShellScriptBuildPhase;
			buildActionMask = 2147483647;
			files = (
			);
			inputPaths = (
				"${PODS_PODFILE_DIR_PATH}/Podfile.lock",
				"${PODS_ROOT}/Manifest.lock",
			);
			name = "[CP] Check Pods Manifest.lock";
			outputPaths = (
				"$(DERIVED_FILE_DIR)/Pods-BridgitChallenge-checkManifestLockResult.txt",
			);
			runOnlyForDeploymentPostprocessing = 0;
			shellPath = /bin/sh;
			shellScript = "diff \"${PODS_PODFILE_DIR_PATH}/Podfile.lock\" \"${PODS_ROOT}/Manifest.lock\" > /dev/null\nif [ $? != 0 ] ; then\n    # print error to STDERR\n    echo \"error: The sandbox is not in sync with the Podfile.lock. Run 'pod install' or update your CocoaPods installation.\" >&2\n    exit 1\nfi\n# This output is used by Xcode 'outputs' to avoid re-running this script phase.\necho \"SUCCESS\" > \"${SCRIPT_OUTPUT_FILE_0}\"\n";
			showEnvVarsInLog = 0;
		};
		467DC133A02E19EB5383B891 /* [CP] Check Pods Manifest.lock */ = {
			isa = PBXShellScriptBuildPhase;
			buildActionMask = 2147483647;
			files = (
			);
			inputPaths = (
				"${PODS_PODFILE_DIR_PATH}/Podfile.lock",
				"${PODS_ROOT}/Manifest.lock",
			);
			name = "[CP] Check Pods Manifest.lock";
			outputPaths = (
				"$(DERIVED_FILE_DIR)/Pods-BridgitChallengeTests-checkManifestLockResult.txt",
			);
			runOnlyForDeploymentPostprocessing = 0;
			shellPath = /bin/sh;
			shellScript = "diff \"${PODS_PODFILE_DIR_PATH}/Podfile.lock\" \"${PODS_ROOT}/Manifest.lock\" > /dev/null\nif [ $? != 0 ] ; then\n    # print error to STDERR\n    echo \"error: The sandbox is not in sync with the Podfile.lock. Run 'pod install' or update your CocoaPods installation.\" >&2\n    exit 1\nfi\n# This output is used by Xcode 'outputs' to avoid re-running this script phase.\necho \"SUCCESS\" > \"${SCRIPT_OUTPUT_FILE_0}\"\n";
			showEnvVarsInLog = 0;
		};
		92FF0CE8BF930A130E958306 /* [CP] Embed Pods Frameworks */ = {
			isa = PBXShellScriptBuildPhase;
			buildActionMask = 2147483647;
			files = (
			);
			inputPaths = (
				"${SRCROOT}/Pods/Target Support Files/Pods-BridgitChallenge/Pods-BridgitChallenge-frameworks.sh",
				"${BUILT_PRODUCTS_DIR}/Alamofire/Alamofire.framework",
				"${BUILT_PRODUCTS_DIR}/FLAnimatedImage/FLAnimatedImage.framework",
				"${BUILT_PRODUCTS_DIR}/PINCache/PINCache.framework",
				"${BUILT_PRODUCTS_DIR}/PINRemoteImage/PINRemoteImage.framework",
				"${BUILT_PRODUCTS_DIR}/SWXMLHash/SWXMLHash.framework",
			);
			name = "[CP] Embed Pods Frameworks";
			outputPaths = (
				"${TARGET_BUILD_DIR}/${FRAMEWORKS_FOLDER_PATH}/Alamofire.framework",
				"${TARGET_BUILD_DIR}/${FRAMEWORKS_FOLDER_PATH}/FLAnimatedImage.framework",
				"${TARGET_BUILD_DIR}/${FRAMEWORKS_FOLDER_PATH}/PINCache.framework",
				"${TARGET_BUILD_DIR}/${FRAMEWORKS_FOLDER_PATH}/PINRemoteImage.framework",
				"${TARGET_BUILD_DIR}/${FRAMEWORKS_FOLDER_PATH}/SWXMLHash.framework",
			);
			runOnlyForDeploymentPostprocessing = 0;
			shellPath = /bin/sh;
			shellScript = "\"${SRCROOT}/Pods/Target Support Files/Pods-BridgitChallenge/Pods-BridgitChallenge-frameworks.sh\"\n";
			showEnvVarsInLog = 0;
		};
		9432FEADA3DB09F59CFB7FBC /* [CP] Embed Pods Frameworks */ = {
			isa = PBXShellScriptBuildPhase;
			buildActionMask = 2147483647;
			files = (
			);
			inputPaths = (
			);
			name = "[CP] Embed Pods Frameworks";
			outputPaths = (
			);
			runOnlyForDeploymentPostprocessing = 0;
			shellPath = /bin/sh;
			shellScript = "\"${SRCROOT}/Pods/Target Support Files/Pods-BridgitChallengeUITests/Pods-BridgitChallengeUITests-frameworks.sh\"\n";
			showEnvVarsInLog = 0;
		};
		94C623DBDCAF1DD1A76D9DF9 /* [CP] Copy Pods Resources */ = {
			isa = PBXShellScriptBuildPhase;
			buildActionMask = 2147483647;
			files = (
			);
			inputPaths = (
			);
			name = "[CP] Copy Pods Resources";
			outputPaths = (
			);
			runOnlyForDeploymentPostprocessing = 0;
			shellPath = /bin/sh;
			shellScript = "\"${SRCROOT}/Pods/Target Support Files/Pods-BridgitChallengeUITests/Pods-BridgitChallengeUITests-resources.sh\"\n";
			showEnvVarsInLog = 0;
		};
		94D5070D483A0EBC96B8DB4A /* [CP] Copy Pods Resources */ = {
			isa = PBXShellScriptBuildPhase;
			buildActionMask = 2147483647;
			files = (
			);
			inputPaths = (
			);
			name = "[CP] Copy Pods Resources";
			outputPaths = (
			);
			runOnlyForDeploymentPostprocessing = 0;
			shellPath = /bin/sh;
			shellScript = "\"${SRCROOT}/Pods/Target Support Files/Pods-BridgitChallenge/Pods-BridgitChallenge-resources.sh\"\n";
			showEnvVarsInLog = 0;
		};
		AA86E8ADB8408AEFDA3F3939 /* [CP] Copy Pods Resources */ = {
			isa = PBXShellScriptBuildPhase;
			buildActionMask = 2147483647;
			files = (
			);
			inputPaths = (
			);
			name = "[CP] Copy Pods Resources";
			outputPaths = (
			);
			runOnlyForDeploymentPostprocessing = 0;
			shellPath = /bin/sh;
			shellScript = "\"${SRCROOT}/Pods/Target Support Files/Pods-BridgitChallengeTests/Pods-BridgitChallengeTests-resources.sh\"\n";
			showEnvVarsInLog = 0;
		};
		F2E1931FEAEAAAEE3057C44A /* [CP] Check Pods Manifest.lock */ = {
			isa = PBXShellScriptBuildPhase;
			buildActionMask = 2147483647;
			files = (
			);
			inputPaths = (
				"${PODS_PODFILE_DIR_PATH}/Podfile.lock",
				"${PODS_ROOT}/Manifest.lock",
			);
			name = "[CP] Check Pods Manifest.lock";
			outputPaths = (
				"$(DERIVED_FILE_DIR)/Pods-BridgitChallengeUITests-checkManifestLockResult.txt",
			);
			runOnlyForDeploymentPostprocessing = 0;
			shellPath = /bin/sh;
			shellScript = "diff \"${PODS_PODFILE_DIR_PATH}/Podfile.lock\" \"${PODS_ROOT}/Manifest.lock\" > /dev/null\nif [ $? != 0 ] ; then\n    # print error to STDERR\n    echo \"error: The sandbox is not in sync with the Podfile.lock. Run 'pod install' or update your CocoaPods installation.\" >&2\n    exit 1\nfi\n# This output is used by Xcode 'outputs' to avoid re-running this script phase.\necho \"SUCCESS\" > \"${SCRIPT_OUTPUT_FILE_0}\"\n";
			showEnvVarsInLog = 0;
		};
		FCE7D3443A778003A6D9C01D /* [CP] Embed Pods Frameworks */ = {
			isa = PBXShellScriptBuildPhase;
			buildActionMask = 2147483647;
			files = (
			);
			inputPaths = (
			);
			name = "[CP] Embed Pods Frameworks";
			outputPaths = (
			);
			runOnlyForDeploymentPostprocessing = 0;
			shellPath = /bin/sh;
			shellScript = "\"${SRCROOT}/Pods/Target Support Files/Pods-BridgitChallengeTests/Pods-BridgitChallengeTests-frameworks.sh\"\n";
			showEnvVarsInLog = 0;
		};
/* End PBXShellScriptBuildPhase section */

/* Begin PBXSourcesBuildPhase section */
		036F50F81FB64543004C9242 /* Sources */ = {
			isa = PBXSourcesBuildPhase;
			buildActionMask = 2147483647;
			files = (
				036FDF7E1FBB7EF0004F2FA2 /* DatabaseHelper.swift in Sources */,
				03C01D6A1FBA27830083ACEA /* HomeTableViewCell.swift in Sources */,
				036F51081FB64543004C9242 /* BridgitChallenge.xcdatamodeld in Sources */,
				03C01D711FBA362F0083ACEA /* StarredViewController.swift in Sources */,
				036F51021FB64543004C9242 /* RootViewController.swift in Sources */,
				036F51001FB64543004C9242 /* AppDelegate.swift in Sources */,
				03D1E3C01FBC94DC000A2DEB /* NetWorkManager.swift in Sources */,
				036F51311FB9E3FC004C9242 /* MenuViewController.swift in Sources */,
				03C01D6E1FBA35F50083ACEA /* HomeViewController.swift in Sources */,
				036FDF8E1FBB8415004F2FA2 /* ParsedObject+CoreDataProperties.swift in Sources */,
				036FDF8D1FBB8415004F2FA2 /* ParsedObject+CoreDataClass.swift in Sources */,
				036F51331FB9E445004C9242 /* MenuTableViewCell.swift in Sources */,
				66B03E479FCB2C65291A1CD8 /* ParsedObjectHelper.swift in Sources */,
				03249C261FBCF00C0098F4D7 /* DetailViewController.swift in Sources */,
			);
			runOnlyForDeploymentPostprocessing = 0;
		};
		036F510F1FB64543004C9242 /* Sources */ = {
			isa = PBXSourcesBuildPhase;
			buildActionMask = 2147483647;
			files = (
				036F51181FB64543004C9242 /* BridgitChallengeTests.swift in Sources */,
			);
			runOnlyForDeploymentPostprocessing = 0;
		};
		036F511A1FB64543004C9242 /* Sources */ = {
			isa = PBXSourcesBuildPhase;
			buildActionMask = 2147483647;
			files = (
				036F51231FB64543004C9242 /* BridgitChallengeUITests.swift in Sources */,
			);
			runOnlyForDeploymentPostprocessing = 0;
		};
/* End PBXSourcesBuildPhase section */

/* Begin PBXTargetDependency section */
		036F51151FB64543004C9242 /* PBXTargetDependency */ = {
			isa = PBXTargetDependency;
			target = 036F50FB1FB64543004C9242 /* BridgitChallenge */;
			targetProxy = 036F51141FB64543004C9242 /* PBXContainerItemProxy */;
		};
		036F51201FB64543004C9242 /* PBXTargetDependency */ = {
			isa = PBXTargetDependency;
			target = 036F50FB1FB64543004C9242 /* BridgitChallenge */;
			targetProxy = 036F511F1FB64543004C9242 /* PBXContainerItemProxy */;
		};
/* End PBXTargetDependency section */

/* Begin PBXVariantGroup section */
		036F51031FB64543004C9242 /* Main.storyboard */ = {
			isa = PBXVariantGroup;
			children = (
				036F51041FB64543004C9242 /* Base */,
			);
			name = Main.storyboard;
			sourceTree = "<group>";
		};
		036F510B1FB64543004C9242 /* LaunchScreen.storyboard */ = {
			isa = PBXVariantGroup;
			children = (
				036F510C1FB64543004C9242 /* Base */,
			);
			name = LaunchScreen.storyboard;
			sourceTree = "<group>";
		};
/* End PBXVariantGroup section */

/* Begin XCBuildConfiguration section */
		036F51251FB64543004C9242 /* Debug */ = {
			isa = XCBuildConfiguration;
			buildSettings = {
				ALWAYS_SEARCH_USER_PATHS = NO;
				CLANG_ANALYZER_NONNULL = YES;
				CLANG_ANALYZER_NUMBER_OBJECT_CONVERSION = YES_AGGRESSIVE;
				CLANG_CXX_LANGUAGE_STANDARD = "gnu++14";
				CLANG_CXX_LIBRARY = "libc++";
				CLANG_ENABLE_MODULES = YES;
				CLANG_ENABLE_OBJC_ARC = YES;
				CLANG_WARN_BLOCK_CAPTURE_AUTORELEASING = YES;
				CLANG_WARN_BOOL_CONVERSION = YES;
				CLANG_WARN_COMMA = YES;
				CLANG_WARN_CONSTANT_CONVERSION = YES;
				CLANG_WARN_DIRECT_OBJC_ISA_USAGE = YES_ERROR;
				CLANG_WARN_DOCUMENTATION_COMMENTS = YES;
				CLANG_WARN_EMPTY_BODY = YES;
				CLANG_WARN_ENUM_CONVERSION = YES;
				CLANG_WARN_INFINITE_RECURSION = YES;
				CLANG_WARN_INT_CONVERSION = YES;
				CLANG_WARN_NON_LITERAL_NULL_CONVERSION = YES;
				CLANG_WARN_OBJC_LITERAL_CONVERSION = YES;
				CLANG_WARN_OBJC_ROOT_CLASS = YES_ERROR;
				CLANG_WARN_RANGE_LOOP_ANALYSIS = YES;
				CLANG_WARN_STRICT_PROTOTYPES = YES;
				CLANG_WARN_SUSPICIOUS_MOVE = YES;
				CLANG_WARN_UNGUARDED_AVAILABILITY = YES_AGGRESSIVE;
				CLANG_WARN_UNREACHABLE_CODE = YES;
				CLANG_WARN__DUPLICATE_METHOD_MATCH = YES;
				CODE_SIGN_IDENTITY = "iPhone Developer";
				COPY_PHASE_STRIP = NO;
				DEBUG_INFORMATION_FORMAT = dwarf;
				ENABLE_STRICT_OBJC_MSGSEND = YES;
				ENABLE_TESTABILITY = YES;
				GCC_C_LANGUAGE_STANDARD = gnu11;
				GCC_DYNAMIC_NO_PIC = NO;
				GCC_NO_COMMON_BLOCKS = YES;
				GCC_OPTIMIZATION_LEVEL = 0;
				GCC_PREPROCESSOR_DEFINITIONS = (
					"DEBUG=1",
					"$(inherited)",
				);
				GCC_WARN_64_TO_32_BIT_CONVERSION = YES;
				GCC_WARN_ABOUT_RETURN_TYPE = YES_ERROR;
				GCC_WARN_UNDECLARED_SELECTOR = YES;
				GCC_WARN_UNINITIALIZED_AUTOS = YES_AGGRESSIVE;
				GCC_WARN_UNUSED_FUNCTION = YES;
				GCC_WARN_UNUSED_VARIABLE = YES;
				IPHONEOS_DEPLOYMENT_TARGET = 11.1;
				MTL_ENABLE_DEBUG_INFO = YES;
				ONLY_ACTIVE_ARCH = YES;
				SDKROOT = iphoneos;
				SWIFT_ACTIVE_COMPILATION_CONDITIONS = DEBUG;
				SWIFT_OPTIMIZATION_LEVEL = "-Onone";
			};
			name = Debug;
		};
		036F51261FB64543004C9242 /* Release */ = {
			isa = XCBuildConfiguration;
			buildSettings = {
				ALWAYS_SEARCH_USER_PATHS = NO;
				CLANG_ANALYZER_NONNULL = YES;
				CLANG_ANALYZER_NUMBER_OBJECT_CONVERSION = YES_AGGRESSIVE;
				CLANG_CXX_LANGUAGE_STANDARD = "gnu++14";
				CLANG_CXX_LIBRARY = "libc++";
				CLANG_ENABLE_MODULES = YES;
				CLANG_ENABLE_OBJC_ARC = YES;
				CLANG_WARN_BLOCK_CAPTURE_AUTORELEASING = YES;
				CLANG_WARN_BOOL_CONVERSION = YES;
				CLANG_WARN_COMMA = YES;
				CLANG_WARN_CONSTANT_CONVERSION = YES;
				CLANG_WARN_DIRECT_OBJC_ISA_USAGE = YES_ERROR;
				CLANG_WARN_DOCUMENTATION_COMMENTS = YES;
				CLANG_WARN_EMPTY_BODY = YES;
				CLANG_WARN_ENUM_CONVERSION = YES;
				CLANG_WARN_INFINITE_RECURSION = YES;
				CLANG_WARN_INT_CONVERSION = YES;
				CLANG_WARN_NON_LITERAL_NULL_CONVERSION = YES;
				CLANG_WARN_OBJC_LITERAL_CONVERSION = YES;
				CLANG_WARN_OBJC_ROOT_CLASS = YES_ERROR;
				CLANG_WARN_RANGE_LOOP_ANALYSIS = YES;
				CLANG_WARN_STRICT_PROTOTYPES = YES;
				CLANG_WARN_SUSPICIOUS_MOVE = YES;
				CLANG_WARN_UNGUARDED_AVAILABILITY = YES_AGGRESSIVE;
				CLANG_WARN_UNREACHABLE_CODE = YES;
				CLANG_WARN__DUPLICATE_METHOD_MATCH = YES;
				CODE_SIGN_IDENTITY = "iPhone Developer";
				COPY_PHASE_STRIP = NO;
				DEBUG_INFORMATION_FORMAT = "dwarf-with-dsym";
				ENABLE_NS_ASSERTIONS = NO;
				ENABLE_STRICT_OBJC_MSGSEND = YES;
				GCC_C_LANGUAGE_STANDARD = gnu11;
				GCC_NO_COMMON_BLOCKS = YES;
				GCC_WARN_64_TO_32_BIT_CONVERSION = YES;
				GCC_WARN_ABOUT_RETURN_TYPE = YES_ERROR;
				GCC_WARN_UNDECLARED_SELECTOR = YES;
				GCC_WARN_UNINITIALIZED_AUTOS = YES_AGGRESSIVE;
				GCC_WARN_UNUSED_FUNCTION = YES;
				GCC_WARN_UNUSED_VARIABLE = YES;
				IPHONEOS_DEPLOYMENT_TARGET = 11.1;
				MTL_ENABLE_DEBUG_INFO = NO;
				SDKROOT = iphoneos;
				SWIFT_OPTIMIZATION_LEVEL = "-Owholemodule";
				VALIDATE_PRODUCT = YES;
			};
			name = Release;
		};
		036F51281FB64543004C9242 /* Debug */ = {
			isa = XCBuildConfiguration;
			baseConfigurationReference = F783BA70951D727BA7EB5DF2 /* Pods-BridgitChallenge.debug.xcconfig */;
			buildSettings = {
				ASSETCATALOG_COMPILER_APPICON_NAME = AppIcon;
				CODE_SIGN_STYLE = Automatic;
				DEVELOPMENT_TEAM = RA9LK9752T;
				INFOPLIST_FILE = BridgitChallenge/Info.plist;
				IPHONEOS_DEPLOYMENT_TARGET = 10.0;
				LD_RUNPATH_SEARCH_PATHS = "$(inherited) @executable_path/Frameworks";
				PRODUCT_BUNDLE_IDENTIFIER = com.nan.BridgitChallenge;
				PRODUCT_NAME = "$(TARGET_NAME)";
				SWIFT_VERSION = 3.0;
				TARGETED_DEVICE_FAMILY = 1;
			};
			name = Debug;
		};
		036F51291FB64543004C9242 /* Release */ = {
			isa = XCBuildConfiguration;
			baseConfigurationReference = 939B6985209B3B0BA7DB382B /* Pods-BridgitChallenge.release.xcconfig */;
			buildSettings = {
				ASSETCATALOG_COMPILER_APPICON_NAME = AppIcon;
				CODE_SIGN_STYLE = Automatic;
				DEVELOPMENT_TEAM = RA9LK9752T;
				INFOPLIST_FILE = BridgitChallenge/Info.plist;
				IPHONEOS_DEPLOYMENT_TARGET = 10.0;
				LD_RUNPATH_SEARCH_PATHS = "$(inherited) @executable_path/Frameworks";
				PRODUCT_BUNDLE_IDENTIFIER = com.nan.BridgitChallenge;
				PRODUCT_NAME = "$(TARGET_NAME)";
				SWIFT_VERSION = 3.0;
				TARGETED_DEVICE_FAMILY = 1;
			};
			name = Release;
		};
		036F512B1FB64543004C9242 /* Debug */ = {
			isa = XCBuildConfiguration;
			baseConfigurationReference = 573ED4DEFB715AFC7D51A3FD /* Pods-BridgitChallengeTests.debug.xcconfig */;
			buildSettings = {
				ALWAYS_EMBED_SWIFT_STANDARD_LIBRARIES = YES;
				BUNDLE_LOADER = "$(TEST_HOST)";
				CODE_SIGN_STYLE = Automatic;
				INFOPLIST_FILE = BridgitChallengeTests/Info.plist;
				LD_RUNPATH_SEARCH_PATHS = "$(inherited) @executable_path/Frameworks @loader_path/Frameworks";
				PRODUCT_BUNDLE_IDENTIFIER = com.nan.BridgitChallengeTests;
				PRODUCT_NAME = "$(TARGET_NAME)";
				SWIFT_VERSION = 4.0;
				TARGETED_DEVICE_FAMILY = "1,2";
				TEST_HOST = "$(BUILT_PRODUCTS_DIR)/BridgitChallenge.app/BridgitChallenge";
			};
			name = Debug;
		};
		036F512C1FB64543004C9242 /* Release */ = {
			isa = XCBuildConfiguration;
			baseConfigurationReference = 77C60B529EA53D1A1102BEBD /* Pods-BridgitChallengeTests.release.xcconfig */;
			buildSettings = {
				ALWAYS_EMBED_SWIFT_STANDARD_LIBRARIES = YES;
				BUNDLE_LOADER = "$(TEST_HOST)";
				CODE_SIGN_STYLE = Automatic;
				INFOPLIST_FILE = BridgitChallengeTests/Info.plist;
				LD_RUNPATH_SEARCH_PATHS = "$(inherited) @executable_path/Frameworks @loader_path/Frameworks";
				PRODUCT_BUNDLE_IDENTIFIER = com.nan.BridgitChallengeTests;
				PRODUCT_NAME = "$(TARGET_NAME)";
				SWIFT_VERSION = 4.0;
				TARGETED_DEVICE_FAMILY = "1,2";
				TEST_HOST = "$(BUILT_PRODUCTS_DIR)/BridgitChallenge.app/BridgitChallenge";
			};
			name = Release;
		};
		036F512E1FB64543004C9242 /* Debug */ = {
			isa = XCBuildConfiguration;
			baseConfigurationReference = 7554D332F5CCBEB8E4DD0631 /* Pods-BridgitChallengeUITests.debug.xcconfig */;
			buildSettings = {
				ALWAYS_EMBED_SWIFT_STANDARD_LIBRARIES = YES;
				CODE_SIGN_STYLE = Automatic;
				INFOPLIST_FILE = BridgitChallengeUITests/Info.plist;
				LD_RUNPATH_SEARCH_PATHS = "$(inherited) @executable_path/Frameworks @loader_path/Frameworks";
				PRODUCT_BUNDLE_IDENTIFIER = com.nan.BridgitChallengeUITests;
				PRODUCT_NAME = "$(TARGET_NAME)";
				SWIFT_VERSION = 4.0;
				TARGETED_DEVICE_FAMILY = "1,2";
				TEST_TARGET_NAME = BridgitChallenge;
			};
			name = Debug;
		};
		036F512F1FB64543004C9242 /* Release */ = {
			isa = XCBuildConfiguration;
			baseConfigurationReference = 692E4105719F7C95C4AA26EC /* Pods-BridgitChallengeUITests.release.xcconfig */;
			buildSettings = {
				ALWAYS_EMBED_SWIFT_STANDARD_LIBRARIES = YES;
				CODE_SIGN_STYLE = Automatic;
				INFOPLIST_FILE = BridgitChallengeUITests/Info.plist;
				LD_RUNPATH_SEARCH_PATHS = "$(inherited) @executable_path/Frameworks @loader_path/Frameworks";
				PRODUCT_BUNDLE_IDENTIFIER = com.nan.BridgitChallengeUITests;
				PRODUCT_NAME = "$(TARGET_NAME)";
				SWIFT_VERSION = 4.0;
				TARGETED_DEVICE_FAMILY = "1,2";
				TEST_TARGET_NAME = BridgitChallenge;
			};
			name = Release;
		};
/* End XCBuildConfiguration section */

/* Begin XCConfigurationList section */
		036F50F71FB64543004C9242 /* Build configuration list for PBXProject "BridgitChallenge" */ = {
			isa = XCConfigurationList;
			buildConfigurations = (
				036F51251FB64543004C9242 /* Debug */,
				036F51261FB64543004C9242 /* Release */,
			);
			defaultConfigurationIsVisible = 0;
			defaultConfigurationName = Release;
		};
		036F51271FB64543004C9242 /* Build configuration list for PBXNativeTarget "BridgitChallenge" */ = {
			isa = XCConfigurationList;
			buildConfigurations = (
				036F51281FB64543004C9242 /* Debug */,
				036F51291FB64543004C9242 /* Release */,
			);
			defaultConfigurationIsVisible = 0;
			defaultConfigurationName = Release;
		};
		036F512A1FB64543004C9242 /* Build configuration list for PBXNativeTarget "BridgitChallengeTests" */ = {
			isa = XCConfigurationList;
			buildConfigurations = (
				036F512B1FB64543004C9242 /* Debug */,
				036F512C1FB64543004C9242 /* Release */,
			);
			defaultConfigurationIsVisible = 0;
			defaultConfigurationName = Release;
		};
		036F512D1FB64543004C9242 /* Build configuration list for PBXNativeTarget "BridgitChallengeUITests" */ = {
			isa = XCConfigurationList;
			buildConfigurations = (
				036F512E1FB64543004C9242 /* Debug */,
				036F512F1FB64543004C9242 /* Release */,
			);
			defaultConfigurationIsVisible = 0;
			defaultConfigurationName = Release;
		};
/* End XCConfigurationList section */

/* Begin XCVersionGroup section */
		036F51061FB64543004C9242 /* BridgitChallenge.xcdatamodeld */ = {
			isa = XCVersionGroup;
			children = (
				036F51071FB64543004C9242 /* BridgitChallenge.xcdatamodel */,
			);
			currentVersion = 036F51071FB64543004C9242 /* BridgitChallenge.xcdatamodel */;
			path = BridgitChallenge.xcdatamodeld;
			sourceTree = "<group>";
			versionGroupType = wrapper.xcdatamodel;
		};
/* End XCVersionGroup section */
	};
	rootObject = 036F50F41FB64543004C9242 /* Project object */;
}
